# THIS IS AN AUTOGENERATED FILE. DO NOT EDIT THIS FILE DIRECTLY.
# yarn lockfile v1


fsevents@~2.3.2:
  version "2.3.2"
  resolved "https://registry.nlark.com/fsevents/download/fsevents-2.3.2.tgz#8a526f78b8fdf4623b709e0b975c52c24c02fd1a"
  integrity sha1-ilJveLj99GI7cJ4Ll1xSwkwC/Ro=

rollup@^2.53.3:
  version "2.53.3"
  resolved "https://registry.nlark.com/rollup/download/rollup-2.53.3.tgz?cache=0&other_urls=https%3A%2F%2Fregistry.nlark.com%2Frollup%2Fdownload%2Frollup-2.53.3.tgz#14b0e57f0874d4ad23bdbb13050cf70bcd1eabf7"
  integrity sha1-FLDlfwh01K0jvbsTBQz3C80eq/c=
  optionalDependencies:
    fsevents "~2.3.2"
